
Microsoft Visual Studio Solution File, Format Version 12.00
# Visual Studio Version 17
VisualStudioVersion = 17.12.35506.116
MinimumVisualStudioVersion = 10.0.40219.1
Project("{FAE04EC0-301F-11D3-BF4B-00C04F79EFBC}") = "Core", "Core\Core.csproj", "{626E93D5-70CD-439D-A1B4-EE298F1EF76B}"
EndProject
Project("{FAE04EC0-301F-11D3-BF4B-00C04F79EFBC}") = "Application", "Application\Application.csproj", "{65137C18-6D29-4575-9825-91ABE9631D33}"
EndProject
Project("{FAE04EC0-301F-11D3-BF4B-00C04F79EFBC}") = "Infrastructure", "Infrastructure\Infrastructure.csproj", "{03FC11C2-BD73-44DC-B480-D742341140CA}"
EndProject
Project("{FAE04EC0-301F-11D3-BF4B-00C04F79EFBC}") = "Web", "Web\Web.csproj", "{450E2E43-6396-4DD4-B506-045AF544B1A3}"
EndProject
Global
	GlobalSection(SolutionConfigurationPlatforms) = preSolution
		Debug|Any CPU = Debug|Any CPU
		Release|Any CPU = Release|Any CPU
	EndGlobalSection
	GlobalSection(ProjectConfigurationPlatforms) = postSolution
		{626E93D5-70CD-439D-A1B4-EE298F1EF76B}.Debug|Any CPU.ActiveCfg = Debug|Any CPU
		{626E93D5-70CD-439D-A1B4-EE298F1EF76B}.Debug|Any CPU.Build.0 = Debug|Any CPU
		{626E93D5-70CD-439D-A1B4-EE298F1EF76B}.Release|Any CPU.ActiveCfg = Release|Any CPU
		{626E93D5-70CD-439D-A1B4-EE298F1EF76B}.Release|Any CPU.Build.0 = Release|Any CPU
		{65137C18-6D29-4575-9825-91ABE9631D33}.Debug|Any CPU.ActiveCfg = Debug|Any CPU
		{65137C18-6D29-4575-9825-91ABE9631D33}.Debug|Any CPU.Build.0 = Debug|Any CPU
		{65137C18-6D29-4575-9825-91ABE9631D33}.Release|Any CPU.ActiveCfg = Release|Any CPU
		{65137C18-6D29-4575-9825-91ABE9631D33}.Release|Any CPU.Build.0 = Release|Any CPU
		{03FC11C2-BD73-44DC-B480-D742341140CA}.Debug|Any CPU.ActiveCfg = Debug|Any CPU
		{03FC11C2-BD73-44DC-B480-D742341140CA}.Debug|Any CPU.Build.0 = Debug|Any CPU
		{03FC11C2-BD73-44DC-B480-D742341140CA}.Release|Any CPU.ActiveCfg = Release|Any CPU
		{03FC11C2-BD73-44DC-B480-D742341140CA}.Release|Any CPU.Build.0 = Release|Any CPU
		{450E2E43-6396-4DD4-B506-045AF544B1A3}.Debug|Any CPU.ActiveCfg = Debug|Any CPU
		{450E2E43-6396-4DD4-B506-045AF544B1A3}.Debug|Any CPU.Build.0 = Debug|Any CPU
		{450E2E43-6396-4DD4-B506-045AF544B1A3}.Release|Any CPU.ActiveCfg = Release|Any CPU
		{450E2E43-6396-4DD4-B506-045AF544B1A3}.Release|Any CPU.Build.0 = Release|Any CPU
	EndGlobalSection
	GlobalSection(SolutionProperties) = preSolution
		HideSolutionNode = FALSE
	EndGlobalSection
EndGlobal
